{
  "lib/forge-std": {
    "rev": "bf909b22fa55e244796dfa920c9639fdffa1c545"
  },
  "lib/openzeppelin-contracts": {
    "rev": "c64a1edb67b6e3f4a15cca8909c9482ad33a02b0"
  },
  "lib/safe-smart-account": {
    "rev": "21dc82410445637820f600c7399a804ad55841d5"
  },
  "lib/safe-smart-account-1.3.0": {
    "rev": "186a21a74b327f17fc41217a927dea7064f74604"
  },
  "lib/safe-smart-account-1.4.0": {
    "rev": "e870f514ad34cd9654c72174d6d4a839e3c6639f"
  },
  "lib/safe-smart-account-1.5.0": {
    "rev": "dc437e8fba8b4805d76bcbd1c668c9fd3d1e83be"
  }
}